
Microsoft Visual Studio Solution File, Format Version 12.00
# Visual Studio Version 17
VisualStudioVersion = 17.7.34024.191
MinimumVisualStudioVersion = 10.0.40219.1
Project("{FAE04EC0-301F-11D3-BF4B-00C04F79EFBC}") = "T12_P11", "T12_P11.csproj", "{8ABE18F1-6274-4DC5-9691-0B7C79C6E9F2}"
EndProject
Global
	GlobalSection(SolutionConfigurationPlatforms) = preSolution
		Debug|Any CPU = Debug|Any CPU
		Release|Any CPU = Release|Any CPU
	EndGlobalSection
	GlobalSection(ProjectConfigurationPlatforms) = postSolution
		{8ABE18F1-6274-4DC5-9691-0B7C79C6E9F2}.Debug|Any CPU.ActiveCfg = Debug|Any CPU
		{8ABE18F1-6274-4DC5-9691-0B7C79C6E9F2}.Debug|Any CPU.Build.0 = Debug|Any CPU
		{8ABE18F1-6274-4DC5-9691-0B7C79C6E9F2}.Release|Any CPU.ActiveCfg = Release|Any CPU
		{8ABE18F1-6274-4DC5-9691-0B7C79C6E9F2}.Release|Any CPU.Build.0 = Release|Any CPU
	EndGlobalSection
	GlobalSection(SolutionProperties) = preSolution
		HideSolutionNode = FALSE
	EndGlobalSection
	GlobalSection(ExtensibilityGlobals) = postSolution
		SolutionGuid = {14D46BF8-2F75-4F3D-AF3B-0CE0E31F27F2}
	EndGlobalSection
EndGlobal
